PODS:
  - Alamofire (4.4.0)
  - FBSnapshotTestCase (2.1.4):
    - FBSnapshotTestCase/SwiftSupport (= 2.1.4)
  - FBSnapshotTestCase/Core (2.1.4)
  - FBSnapshotTestCase/SwiftSupport (2.1.4):
    - FBSnapshotTestCase/Core
  - iOSBoilerplate (0.3.0)
  - Mac (0.2.1):
    - Alamofire (~> 4.4.0)
    - iOSBoilerplate (~> 0.3.0)
    - RealmSwift (~> 2.10.2)
    - RxRealm (~> 0.6.0)
    - RxSwift (~> 3.4.0)
  - Nimble (7.0.2)
  - Nimble-Snapshots (6.3.0):
    - Nimble-Snapshots/Core (= 6.3.0)
  - Nimble-Snapshots/Core (6.3.0):
    - FBSnapshotTestCase (~> 2.0)
    - Nimble (~> 7.0)
  - Quick (1.2.0)
  - Realm (2.10.2):
    - Realm/Headers (= 2.10.2)
  - Realm/Headers (2.10.2)
  - RealmSwift (2.10.2):
    - Realm (= 2.10.2)
  - RxRealm (0.6.0):
    - RealmSwift (~> 2.5)
    - RxSwift (~> 3.2)
  - RxSwift (3.4.1)

DEPENDENCIES:
  - FBSnapshotTestCase
  - Mac (from `../`)
  - Nimble (~> 7.0.2)
  - Nimble-Snapshots
  - Quick (~> 1.2.0)

EXTERNAL SOURCES:
  Mac:
    :path: ../

SPEC CHECKSUMS:
  Alamofire: dc44b1600b800eb63da6a19039a0083d62a6a62d
  FBSnapshotTestCase: 094f9f314decbabe373b87cc339bea235a63e07a
  iOSBoilerplate: cb96a7c7e49a9b82adf885f6bf3a35565d1a2284
  Mac: a4d46d340bfc5234445d825942ac476068116b9d
  Nimble: bfe1f814edabba69ff145cb1283e04ed636a67f2
  Nimble-Snapshots: f5459b5b091678dc942d03ec4741cacb58ba4a52
  Quick: 58d203b1c5e27fff7229c4c1ae445ad7069a7a08
  Realm: 0ef72b837fb67e9f4b098bac771ddd72c7fdbb69
  RealmSwift: 07a9ae0505091eda6b2ee7c190c3786d6e90a7b0
  RxRealm: 323de579b50b5e0f4a3e087d5925021f976ffaf1
  RxSwift: 656f8fbeca5bc372121a72d9ebdd3cd3bc0ffade

PODFILE CHECKSUM: abe7b560537a66aa544fae356f5280b49512e63e

COCOAPODS: 1.3.1
